// !$*UTF8*$!
{
	archiveVersion = 1;
	classes = {
	};
	objectVersion = 46;
	objects = {

/* Begin PBXBuildFile section */
		094A2A471BBFBCC200ED8149 /* LCD.cpp in Sources */ = {isa = PBXBuildFile; fileRef = 094A2A441BBFBCA300ED8149 /* LCD.cpp */; };
		094A2A481BBFBCC200ED8149 /* main.cpp in Sources */ = {isa = PBXBuildFile; fileRef = 094A2A451BBFBCA300ED8149 /* main.cpp */; };
		094A2A491BBFBCC200ED8149 /* USART0.cpp in Sources */ = {isa = PBXBuildFile; fileRef = 094A2A461BBFBCA300ED8149 /* USART0.cpp */; };
		094A2A4E1BBFC4C400ED8149 /* Pin.cpp in Sources */ = {isa = PBXBuildFile; fileRef = 094A2A4C1BBFC4C400ED8149 /* Pin.cpp */; settings = {ASSET_TAGS = (); }; };
		094A2A551BBFCF7900ED8149 /* Port.cpp in Sources */ = {isa = PBXBuildFile; fileRef = 094A2A541BBFCF7900ED8149 /* Port.cpp */; settings = {ASSET_TAGS = (); }; };
/* End PBXBuildFile section */

/* Begin PBXFileReference section */
		094A2A401BBFBCA300ED8149 /* constants.h */ = {isa = PBXFileReference; lastKnownFileType = sourcecode.c.h; path = constants.h; sourceTree = "<group>"; };
		094A2A411BBFBCA300ED8149 /* LCD.h */ = {isa = PBXFileReference; lastKnownFileType = sourcecode.c.h; path = LCD.h; sourceTree = "<group>"; };
		094A2A421BBFBCA300ED8149 /* USART0.h */ = {isa = PBXFileReference; lastKnownFileType = sourcecode.c.h; path = USART0.h; sourceTree = "<group>"; };
		094A2A441BBFBCA300ED8149 /* LCD.cpp */ = {isa = PBXFileReference; lastKnownFileType = sourcecode.cpp.cpp; path = LCD.cpp; sourceTree = "<group>"; };
		094A2A451BBFBCA300ED8149 /* main.cpp */ = {isa = PBXFileReference; lastKnownFileType = sourcecode.cpp.cpp; path = main.cpp; sourceTree = "<group>"; };
		094A2A461BBFBCA300ED8149 /* USART0.cpp */ = {isa = PBXFileReference; lastKnownFileType = sourcecode.cpp.cpp; path = USART0.cpp; sourceTree = "<group>"; };
		094A2A4A1BBFBE8E00ED8149 /* Makefile */ = {isa = PBXFileReference; fileEncoding = 4; lastKnownFileType = sourcecode.make; path = Makefile; sourceTree = SOURCE_ROOT; tabWidth = 4; usesTabs = 1; };
		094A2A4C1BBFC4C400ED8149 /* Pin.cpp */ = {isa = PBXFileReference; fileEncoding = 4; lastKnownFileType = sourcecode.cpp.cpp; path = Pin.cpp; sourceTree = "<group>"; };
		094A2A4F1BBFC4DA00ED8149 /* Pin.h */ = {isa = PBXFileReference; fileEncoding = 4; lastKnownFileType = sourcecode.c.h; path = Pin.h; sourceTree = "<group>"; };
		094A2A541BBFCF7900ED8149 /* Port.cpp */ = {isa = PBXFileReference; fileEncoding = 4; lastKnownFileType = sourcecode.cpp.cpp; path = Port.cpp; sourceTree = "<group>"; };
		094A2A561BBFCF8300ED8149 /* Port.h */ = {isa = PBXFileReference; lastKnownFileType = sourcecode.c.h; path = Port.h; sourceTree = "<group>"; };
		09A336C61BBFDE2400264C76 /* index */ = {isa = PBXFileReference; explicitFileType = "compiled.mach-o.executable"; includeInIndex = 0; path = index; sourceTree = BUILT_PRODUCTS_DIR; };
		09BCD1351BBFDCEF001173A0 /* PinMap.h */ = {isa = PBXFileReference; lastKnownFileType = sourcecode.c.h; path = PinMap.h; sourceTree = "<group>"; };
		09F4B4A71BAF534D00078869 /* alloca.h */ = {isa = PBXFileReference; lastKnownFileType = sourcecode.c.h; path = alloca.h; sourceTree = "<group>"; };
		09F4B4A81BAF534D00078869 /* assert.h */ = {isa = PBXFileReference; lastKnownFileType = sourcecode.c.h; path = assert.h; sourceTree = "<group>"; };
		09F4B4AA1BAF534D00078869 /* boot.h */ = {isa = PBXFileReference; lastKnownFileType = sourcecode.c.h; path = boot.h; sourceTree = "<group>"; };
		09F4B4AB1BAF534D00078869 /* builtins.h */ = {isa = PBXFileReference; lastKnownFileType = sourcecode.c.h; path = builtins.h; sourceTree = "<group>"; };
		09F4B4AC1BAF534D00078869 /* common.h */ = {isa = PBXFileReference; lastKnownFileType = sourcecode.c.h; path = common.h; sourceTree = "<group>"; };
		09F4B4AD1BAF534D00078869 /* cpufunc.h */ = {isa = PBXFileReference; lastKnownFileType = sourcecode.c.h; path = cpufunc.h; sourceTree = "<group>"; };
		09F4B4AE1BAF534D00078869 /* crc16.h */ = {isa = PBXFileReference; lastKnownFileType = sourcecode.c.h; path = crc16.h; sourceTree = "<group>"; };
		09F4B4AF1BAF534D00078869 /* delay.h */ = {isa = PBXFileReference; lastKnownFileType = sourcecode.c.h; path = delay.h; sourceTree = "<group>"; };
		09F4B4B01BAF534D00078869 /* eeprom.h */ = {isa = PBXFileReference; lastKnownFileType = sourcecode.c.h; path = eeprom.h; sourceTree = "<group>"; };
		09F4B4B11BAF534D00078869 /* fuse.h */ = {isa = PBXFileReference; lastKnownFileType = sourcecode.c.h; path = fuse.h; sourceTree = "<group>"; };
		09F4B4B21BAF534D00078869 /* interrupt.h */ = {isa = PBXFileReference; lastKnownFileType = sourcecode.c.h; path = interrupt.h; sourceTree = "<group>"; };
		09F4B4B31BAF534D00078869 /* io.h */ = {isa = PBXFileReference; lastKnownFileType = sourcecode.c.h; path = io.h; sourceTree = "<group>"; };
		09F4B4B41BAF534D00078869 /* io1200.h */ = {isa = PBXFileReference; lastKnownFileType = sourcecode.c.h; path = io1200.h; sourceTree = "<group>"; };
		09F4B4B51BAF534D00078869 /* io2313.h */ = {isa = PBXFileReference; lastKnownFileType = sourcecode.c.h; path = io2313.h; sourceTree = "<group>"; };
		09F4B4B61BAF534D00078869 /* io2323.h */ = {isa = PBXFileReference; lastKnownFileType = sourcecode.c.h; path = io2323.h; sourceTree = "<group>"; };
		09F4B4B71BAF534D00078869 /* io2333.h */ = {isa = PBXFileReference; lastKnownFileType = sourcecode.c.h; path = io2333.h; sourceTree = "<group>"; };
		09F4B4B81BAF534D00078869 /* io2343.h */ = {isa = PBXFileReference; lastKnownFileType = sourcecode.c.h; path = io2343.h; sourceTree = "<group>"; };
		09F4B4B91BAF534D00078869 /* io43u32x.h */ = {isa = PBXFileReference; lastKnownFileType = sourcecode.c.h; path = io43u32x.h; sourceTree = "<group>"; };
		09F4B4BA1BAF534D00078869 /* io43u35x.h */ = {isa = PBXFileReference; lastKnownFileType = sourcecode.c.h; path = io43u35x.h; sourceTree = "<group>"; };
		09F4B4BB1BAF534D00078869 /* io4414.h */ = {isa = PBXFileReference; lastKnownFileType = sourcecode.c.h; path = io4414.h; sourceTree = "<group>"; };
		09F4B4BC1BAF534D00078869 /* io4433.h */ = {isa = PBXFileReference; lastKnownFileType = sourcecode.c.h; path = io4433.h; sourceTree = "<group>"; };
		09F4B4BD1BAF534D00078869 /* io4434.h */ = {isa = PBXFileReference; lastKnownFileType = sourcecode.c.h; path = io4434.h; sourceTree = "<group>"; };
		09F4B4BE1BAF534D00078869 /* io76c711.h */ = {isa = PBXFileReference; lastKnownFileType = sourcecode.c.h; path = io76c711.h; sourceTree = "<group>"; };
		09F4B4BF1BAF534D00078869 /* io8515.h */ = {isa = PBXFileReference; lastKnownFileType = sourcecode.c.h; path = io8515.h; sourceTree = "<group>"; };
		09F4B4C01BAF534D00078869 /* io8534.h */ = {isa = PBXFileReference; lastKnownFileType = sourcecode.c.h; path = io8534.h; sourceTree = "<group>"; };
		09F4B4C11BAF534D00078869 /* io8535.h */ = {isa = PBXFileReference; lastKnownFileType = sourcecode.c.h; path = io8535.h; sourceTree = "<group>"; };
		09F4B4C21BAF534D00078869 /* io86r401.h */ = {isa = PBXFileReference; lastKnownFileType = sourcecode.c.h; path = io86r401.h; sourceTree = "<group>"; };
		09F4B4C31BAF534D00078869 /* io90pwm1.h */ = {isa = PBXFileReference; lastKnownFileType = sourcecode.c.h; path = io90pwm1.h; sourceTree = "<group>"; };
		09F4B4C41BAF534D00078869 /* io90pwm161.h */ = {isa = PBXFileReference; lastKnownFileType = sourcecode.c.h; path = io90pwm161.h; sourceTree = "<group>"; };
		09F4B4C51BAF534D00078869 /* io90pwm216.h */ = {isa = PBXFileReference; lastKnownFileType = sourcecode.c.h; path = io90pwm216.h; sourceTree = "<group>"; };
		09F4B4C61BAF534D00078869 /* io90pwm2b.h */ = {isa = PBXFileReference; lastKnownFileType = sourcecode.c.h; path = io90pwm2b.h; sourceTree = "<group>"; };
		09F4B4C71BAF534D00078869 /* io90pwm316.h */ = {isa = PBXFileReference; lastKnownFileType = sourcecode.c.h; path = io90pwm316.h; sourceTree = "<group>"; };
		09F4B4C81BAF534D00078869 /* io90pwm3b.h */ = {isa = PBXFileReference; lastKnownFileType = sourcecode.c.h; path = io90pwm3b.h; sourceTree = "<group>"; };
		09F4B4C91BAF534D00078869 /* io90pwm81.h */ = {isa = PBXFileReference; lastKnownFileType = sourcecode.c.h; path = io90pwm81.h; sourceTree = "<group>"; };
		09F4B4CA1BAF534D00078869 /* io90pwmx.h */ = {isa = PBXFileReference; lastKnownFileType = sourcecode.c.h; path = io90pwmx.h; sourceTree = "<group>"; };
		09F4B4CB1BAF534D00078869 /* io90scr100.h */ = {isa = PBXFileReference; lastKnownFileType = sourcecode.c.h; path = io90scr100.h; sourceTree = "<group>"; };
		09F4B4CC1BAF534D00078869 /* ioa5272.h */ = {isa = PBXFileReference; lastKnownFileType = sourcecode.c.h; path = ioa5272.h; sourceTree = "<group>"; };
		09F4B4CD1BAF534D00078869 /* ioa5505.h */ = {isa = PBXFileReference; lastKnownFileType = sourcecode.c.h; path = ioa5505.h; sourceTree = "<group>"; };
		09F4B4CE1BAF534D00078869 /* ioa5790.h */ = {isa = PBXFileReference; lastKnownFileType = sourcecode.c.h; path = ioa5790.h; sourceTree = "<group>"; };
		09F4B4CF1BAF534D00078869 /* ioa5790n.h */ = {isa = PBXFileReference; lastKnownFileType = sourcecode.c.h; path = ioa5790n.h; sourceTree = "<group>"; };
		09F4B4D01BAF534D00078869 /* ioa5795.h */ = {isa = PBXFileReference; lastKnownFileType = sourcecode.c.h; path = ioa5795.h; sourceTree = "<group>"; };
		09F4B4D11BAF534D00078869 /* ioa5831.h */ = {isa = PBXFileReference; lastKnownFileType = sourcecode.c.h; path = ioa5831.h; sourceTree = "<group>"; };
		09F4B4D21BAF534D00078869 /* ioa6285.h */ = {isa = PBXFileReference; lastKnownFileType = sourcecode.c.h; path = ioa6285.h; sourceTree = "<group>"; };
		09F4B4D31BAF534D00078869 /* ioa6286.h */ = {isa = PBXFileReference; lastKnownFileType = sourcecode.c.h; path = ioa6286.h; sourceTree = "<group>"; };
		09F4B4D41BAF534D00078869 /* ioa6289.h */ = {isa = PBXFileReference; lastKnownFileType = sourcecode.c.h; path = ioa6289.h; sourceTree = "<group>"; };
		09F4B4D51BAF534D00078869 /* ioa6612c.h */ = {isa = PBXFileReference; lastKnownFileType = sourcecode.c.h; path = ioa6612c.h; sourceTree = "<group>"; };
		09F4B4D61BAF534D00078869 /* ioa6613c.h */ = {isa = PBXFileReference; lastKnownFileType = sourcecode.c.h; path = ioa6613c.h; sourceTree = "<group>"; };
		09F4B4D71BAF534D00078869 /* ioa6614q.h */ = {isa = PBXFileReference; lastKnownFileType = sourcecode.c.h; path = ioa6614q.h; sourceTree = "<group>"; };
		09F4B4D81BAF534D00078869 /* ioa6616c.h */ = {isa = PBXFileReference; lastKnownFileType = sourcecode.c.h; path = ioa6616c.h; sourceTree = "<group>"; };
		09F4B4D91BAF534D00078869 /* ioa6617c.h */ = {isa = PBXFileReference; lastKnownFileType = sourcecode.c.h; path = ioa6617c.h; sourceTree = "<group>"; };
		09F4B4DA1BAF534D00078869 /* ioa664251.h */ = {isa = PBXFileReference; lastKnownFileType = sourcecode.c.h; path = ioa664251.h; sourceTree = "<group>"; };
		09F4B4DB1BAF534D00078869 /* ioat94k.h */ = {isa = PBXFileReference; lastKnownFileType = sourcecode.c.h; path = ioat94k.h; sourceTree = "<group>"; };
		09F4B4DC1BAF534D00078869 /* iocan128.h */ = {isa = PBXFileReference; lastKnownFileType = sourcecode.c.h; path = iocan128.h; sourceTree = "<group>"; };
		09F4B4DD1BAF534D00078869 /* iocan32.h */ = {isa = PBXFileReference; lastKnownFileType = sourcecode.c.h; path = iocan32.h; sourceTree = "<group>"; };
		09F4B4DE1BAF534D00078869 /* iocan64.h */ = {isa = PBXFileReference; lastKnownFileType = sourcecode.c.h; path = iocan64.h; sourceTree = "<group>"; };
		09F4B4DF1BAF534D00078869 /* iocanxx.h */ = {isa = PBXFileReference; lastKnownFileType = sourcecode.c.h; path = iocanxx.h; sourceTree = "<group>"; };
		09F4B4E01BAF534D00078869 /* iom103.h */ = {isa = PBXFileReference; lastKnownFileType = sourcecode.c.h; path = iom103.h; sourceTree = "<group>"; };
		09F4B4E11BAF534D00078869 /* iom128.h */ = {isa = PBXFileReference; lastKnownFileType = sourcecode.c.h; path = iom128.h; sourceTree = "<group>"; };
		09F4B4E21BAF534D00078869 /* iom1280.h */ = {isa = PBXFileReference; lastKnownFileType = sourcecode.c.h; path = iom1280.h; sourceTree = "<group>"; };
		09F4B4E31BAF534D00078869 /* iom1281.h */ = {isa = PBXFileReference; lastKnownFileType = sourcecode.c.h; path = iom1281.h; sourceTree = "<group>"; };
		09F4B4E41BAF534D00078869 /* iom1284.h */ = {isa = PBXFileReference; lastKnownFileType = sourcecode.c.h; path = iom1284.h; sourceTree = "<group>"; };
		09F4B4E51BAF534D00078869 /* iom1284p.h */ = {isa = PBXFileReference; lastKnownFileType = sourcecode.c.h; path = iom1284p.h; sourceTree = "<group>"; };
		09F4B4E61BAF534D00078869 /* iom1284rfr2.h */ = {isa = PBXFileReference; lastKnownFileType = sourcecode.c.h; path = iom1284rfr2.h; sourceTree = "<group>"; };
		09F4B4E71BAF534D00078869 /* iom128a.h */ = {isa = PBXFileReference; lastKnownFileType = sourcecode.c.h; path = iom128a.h; sourceTree = "<group>"; };
		09F4B4E81BAF534D00078869 /* iom128rfa1.h */ = {isa = PBXFileReference; lastKnownFileType = sourcecode.c.h; path = iom128rfa1.h; sourceTree = "<group>"; };
		09F4B4E91BAF534D00078869 /* iom128rfr2.h */ = {isa = PBXFileReference; lastKnownFileType = sourcecode.c.h; path = iom128rfr2.h; sourceTree = "<group>"; };
		09F4B4EA1BAF534D00078869 /* iom16.h */ = {isa = PBXFileReference; lastKnownFileType = sourcecode.c.h; path = iom16.h; sourceTree = "<group>"; };
		09F4B4EB1BAF534D00078869 /* iom161.h */ = {isa = PBXFileReference; lastKnownFileType = sourcecode.c.h; path = iom161.h; sourceTree = "<group>"; };
		09F4B4EC1BAF534D00078869 /* iom162.h */ = {isa = PBXFileReference; lastKnownFileType = sourcecode.c.h; path = iom162.h; sourceTree = "<group>"; };
		09F4B4ED1BAF534D00078869 /* iom163.h */ = {isa = PBXFileReference; lastKnownFileType = sourcecode.c.h; path = iom163.h; sourceTree = "<group>"; };
		09F4B4EE1BAF534D00078869 /* iom164.h */ = {isa = PBXFileReference; lastKnownFileType = sourcecode.c.h; path = iom164.h; sourceTree = "<group>"; };
		09F4B4EF1BAF534D00078869 /* iom164a.h */ = {isa = PBXFileReference; lastKnownFileType = sourcecode.c.h; path = iom164a.h; sourceTree = "<group>"; };
		09F4B4F01BAF534D00078869 /* iom164p.h */ = {isa = PBXFileReference; lastKnownFileType = sourcecode.c.h; path = iom164p.h; sourceTree = "<group>"; };
		09F4B4F11BAF534D00078869 /* iom164pa.h */ = {isa = PBXFileReference; lastKnownFileType = sourcecode.c.h; path = iom164pa.h; sourceTree = "<group>"; };
		09F4B4F21BAF534D00078869 /* iom165.h */ = {isa = PBXFileReference; lastKnownFileType = sourcecode.c.h; path = iom165.h; sourceTree = "<group>"; };
		09F4B4F31BAF534D00078869 /* iom165a.h */ = {isa = PBXFileReference; lastKnownFileType = sourcecode.c.h; path = iom165a.h; sourceTree = "<group>"; };
		09F4B4F41BAF534D00078869 /* iom165p.h */ = {isa = PBXFileReference; lastKnownFileType = sourcecode.c.h; path = iom165p.h; sourceTree = "<group>"; };
		09F4B4F51BAF534D00078869 /* iom165pa.h */ = {isa = PBXFileReference; lastKnownFileType = sourcecode.c.h; path = iom165pa.h; sourceTree = "<group>"; };
		09F4B4F61BAF534D00078869 /* iom168.h */ = {isa = PBXFileReference; lastKnownFileType = sourcecode.c.h; path = iom168.h; sourceTree = "<group>"; };
		09F4B4F71BAF534D00078869 /* iom168a.h */ = {isa = PBXFileReference; lastKnownFileType = sourcecode.c.h; path = iom168a.h; sourceTree = "<group>"; };
		09F4B4F81BAF534D00078869 /* iom168p.h */ = {isa = PBXFileReference; lastKnownFileType = sourcecode.c.h; path = iom168p.h; sourceTree = "<group>"; };
		09F4B4F91BAF534D00078869 /* iom168pa.h */ = {isa = PBXFileReference; lastKnownFileType = sourcecode.c.h; path = iom168pa.h; sourceTree = "<group>"; };
		09F4B4FA1BAF534D00078869 /* iom169.h */ = {isa = PBXFileReference; lastKnownFileType = sourcecode.c.h; path = iom169.h; sourceTree = "<group>"; };
		09F4B4FB1BAF534D00078869 /* iom169a.h */ = {isa = PBXFileReference; lastKnownFileType = sourcecode.c.h; path = iom169a.h; sourceTree = "<group>"; };
		09F4B4FC1BAF534D00078869 /* iom169p.h */ = {isa = PBXFileReference; lastKnownFileType = sourcecode.c.h; path = iom169p.h; sourceTree = "<group>"; };
		09F4B4FD1BAF534D00078869 /* iom169pa.h */ = {isa = PBXFileReference; lastKnownFileType = sourcecode.c.h; path = iom169pa.h; sourceTree = "<group>"; };
		09F4B4FE1BAF534D00078869 /* iom16a.h */ = {isa = PBXFileReference; lastKnownFileType = sourcecode.c.h; path = iom16a.h; sourceTree = "<group>"; };
		09F4B4FF1BAF534D00078869 /* iom16hva.h */ = {isa = PBXFileReference; lastKnownFileType = sourcecode.c.h; path = iom16hva.h; sourceTree = "<group>"; };
		09F4B5001BAF534D00078869 /* iom16hva2.h */ = {isa = PBXFileReference; lastKnownFileType = sourcecode.c.h; path = iom16hva2.h; sourceTree = "<group>"; };
		09F4B5011BAF534D00078869 /* iom16hvb.h */ = {isa = PBXFileReference; lastKnownFileType = sourcecode.c.h; path = iom16hvb.h; sourceTree = "<group>"; };
		09F4B5021BAF534D00078869 /* iom16hvbrevb.h */ = {isa = PBXFileReference; lastKnownFileType = sourcecode.c.h; path = iom16hvbrevb.h; sourceTree = "<group>"; };
		09F4B5031BAF534D00078869 /* iom16m1.h */ = {isa = PBXFileReference; lastKnownFileType = sourcecode.c.h; path = iom16m1.h; sourceTree = "<group>"; };
		09F4B5041BAF534D00078869 /* iom16u2.h */ = {isa = PBXFileReference; lastKnownFileType = sourcecode.c.h; path = iom16u2.h; sourceTree = "<group>"; };
		09F4B5051BAF534D00078869 /* iom16u4.h */ = {isa = PBXFileReference; lastKnownFileType = sourcecode.c.h; path = iom16u4.h; sourceTree = "<group>"; };
		09F4B5061BAF534D00078869 /* iom2560.h */ = {isa = PBXFileReference; lastKnownFileType = sourcecode.c.h; path = iom2560.h; sourceTree = "<group>"; };
		09F4B5071BAF534D00078869 /* iom2561.h */ = {isa = PBXFileReference; lastKnownFileType = sourcecode.c.h; path = iom2561.h; sourceTree = "<group>"; };
		09F4B5081BAF534D00078869 /* iom2564rfr2.h */ = {isa = PBXFileReference; lastKnownFileType = sourcecode.c.h; path = iom2564rfr2.h; sourceTree = "<group>"; };
		09F4B5091BAF534D00078869 /* iom256rfr2.h */ = {isa = PBXFileReference; lastKnownFileType = sourcecode.c.h; path = iom256rfr2.h; sourceTree = "<group>"; };
		09F4B50A1BAF534D00078869 /* iom3000.h */ = {isa = PBXFileReference; lastKnownFileType = sourcecode.c.h; path = iom3000.h; sourceTree = "<group>"; };
		09F4B50B1BAF534D00078869 /* iom32.h */ = {isa = PBXFileReference; lastKnownFileType = sourcecode.c.h; path = iom32.h; sourceTree = "<group>"; };
		09F4B50C1BAF534D00078869 /* iom323.h */ = {isa = PBXFileReference; lastKnownFileType = sourcecode.c.h; path = iom323.h; sourceTree = "<group>"; };
		09F4B50D1BAF534D00078869 /* iom324a.h */ = {isa = PBXFileReference; lastKnownFileType = sourcecode.c.h; path = iom324a.h; sourceTree = "<group>"; };
		09F4B50E1BAF534D00078869 /* iom324p.h */ = {isa = PBXFileReference; lastKnownFileType = sourcecode.c.h; path = iom324p.h; sourceTree = "<group>"; };
		09F4B50F1BAF534D00078869 /* iom324pa.h */ = {isa = PBXFileReference; lastKnownFileType = sourcecode.c.h; path = iom324pa.h; sourceTree = "<group>"; };
		09F4B5101BAF534D00078869 /* iom325.h */ = {isa = PBXFileReference; lastKnownFileType = sourcecode.c.h; path = iom325.h; sourceTree = "<group>"; };
		09F4B5111BAF534D00078869 /* iom3250.h */ = {isa = PBXFileReference; lastKnownFileType = sourcecode.c.h; path = iom3250.h; sourceTree = "<group>"; };
		09F4B5121BAF534D00078869 /* iom3250a.h */ = {isa = PBXFileReference; lastKnownFileType = sourcecode.c.h; path = iom3250a.h; sourceTree = "<group>"; };
		09F4B5131BAF534D00078869 /* iom3250p.h */ = {isa = PBXFileReference; lastKnownFileType = sourcecode.c.h; path = iom3250p.h; sourceTree = "<group>"; };
		09F4B5141BAF534D00078869 /* iom3250pa.h */ = {isa = PBXFileReference; lastKnownFileType = sourcecode.c.h; path = iom3250pa.h; sourceTree = "<group>"; };
		09F4B5151BAF534D00078869 /* iom325a.h */ = {isa = PBXFileReference; lastKnownFileType = sourcecode.c.h; path = iom325a.h; sourceTree = "<group>"; };
		09F4B5161BAF534D00078869 /* iom325p.h */ = {isa = PBXFileReference; lastKnownFileType = sourcecode.c.h; path = iom325p.h; sourceTree = "<group>"; };
		09F4B5171BAF534D00078869 /* iom325pa.h */ = {isa = PBXFileReference; lastKnownFileType = sourcecode.c.h; path = iom325pa.h; sourceTree = "<group>"; };
		09F4B5181BAF534D00078869 /* iom328.h */ = {isa = PBXFileReference; lastKnownFileType = sourcecode.c.h; path = iom328.h; sourceTree = "<group>"; };
		09F4B5191BAF534D00078869 /* iom328p.h */ = {isa = PBXFileReference; lastKnownFileType = sourcecode.c.h; path = iom328p.h; sourceTree = "<group>"; };
		09F4B51A1BAF534D00078869 /* iom329.h */ = {isa = PBXFileReference; lastKnownFileType = sourcecode.c.h; path = iom329.h; sourceTree = "<group>"; };
		09F4B51B1BAF534D00078869 /* iom3290.h */ = {isa = PBXFileReference; lastKnownFileType = sourcecode.c.h; path = iom3290.h; sourceTree = "<group>"; };
		09F4B51C1BAF534D00078869 /* iom3290a.h */ = {isa = PBXFileReference; lastKnownFileType = sourcecode.c.h; path = iom3290a.h; sourceTree = "<group>"; };
		09F4B51D1BAF534D00078869 /* iom3290pa.h */ = {isa = PBXFileReference; lastKnownFileType = sourcecode.c.h; path = iom3290pa.h; sourceTree = "<group>"; };
		09F4B51E1BAF534D00078869 /* iom329a.h */ = {isa = PBXFileReference; lastKnownFileType = sourcecode.c.h; path = iom329a.h; sourceTree = "<group>"; };
		09F4B51F1BAF534D00078869 /* iom329p.h */ = {isa = PBXFileReference; lastKnownFileType = sourcecode.c.h; path = iom329p.h; sourceTree = "<group>"; };
		09F4B5201BAF534D00078869 /* iom329pa.h */ = {isa = PBXFileReference; lastKnownFileType = sourcecode.c.h; path = iom329pa.h; sourceTree = "<group>"; };
		09F4B5211BAF534D00078869 /* iom32a.h */ = {isa = PBXFileReference; lastKnownFileType = sourcecode.c.h; path = iom32a.h; sourceTree = "<group>"; };
		09F4B5221BAF534D00078869 /* iom32c1.h */ = {isa = PBXFileReference; lastKnownFileType = sourcecode.c.h; path = iom32c1.h; sourceTree = "<group>"; };
		09F4B5231BAF534D00078869 /* iom32hvb.h */ = {isa = PBXFileReference; lastKnownFileType = sourcecode.c.h; path = iom32hvb.h; sourceTree = "<group>"; };
		09F4B5241BAF534D00078869 /* iom32hvbrevb.h */ = {isa = PBXFileReference; lastKnownFileType = sourcecode.c.h; path = iom32hvbrevb.h; sourceTree = "<group>"; };
		09F4B5251BAF534D00078869 /* iom32m1.h */ = {isa = PBXFileReference; lastKnownFileType = sourcecode.c.h; path = iom32m1.h; sourceTree = "<group>"; };
		09F4B5261BAF534D00078869 /* iom32u2.h */ = {isa = PBXFileReference; lastKnownFileType = sourcecode.c.h; path = iom32u2.h; sourceTree = "<group>"; };
		09F4B5271BAF534D00078869 /* iom32u4.h */ = {isa = PBXFileReference; lastKnownFileType = sourcecode.c.h; path = iom32u4.h; sourceTree = "<group>"; };
		09F4B5281BAF534D00078869 /* iom32u6.h */ = {isa = PBXFileReference; lastKnownFileType = sourcecode.c.h; path = iom32u6.h; sourceTree = "<group>"; };
		09F4B5291BAF534D00078869 /* iom406.h */ = {isa = PBXFileReference; lastKnownFileType = sourcecode.c.h; path = iom406.h; sourceTree = "<group>"; };
		09F4B52A1BAF534D00078869 /* iom48.h */ = {isa = PBXFileReference; lastKnownFileType = sourcecode.c.h; path = iom48.h; sourceTree = "<group>"; };
		09F4B52B1BAF534D00078869 /* iom48a.h */ = {isa = PBXFileReference; lastKnownFileType = sourcecode.c.h; path = iom48a.h; sourceTree = "<group>"; };
		09F4B52C1BAF534D00078869 /* iom48p.h */ = {isa = PBXFileReference; lastKnownFileType = sourcecode.c.h; path = iom48p.h; sourceTree = "<group>"; };
		09F4B52D1BAF534D00078869 /* iom48pa.h */ = {isa = PBXFileReference; lastKnownFileType = sourcecode.c.h; path = iom48pa.h; sourceTree = "<group>"; };
		09F4B52E1BAF534D00078869 /* iom64.h */ = {isa = PBXFileReference; lastKnownFileType = sourcecode.c.h; path = iom64.h; sourceTree = "<group>"; };
		09F4B52F1BAF534D00078869 /* iom640.h */ = {isa = PBXFileReference; lastKnownFileType = sourcecode.c.h; path = iom640.h; sourceTree = "<group>"; };
		09F4B5301BAF534D00078869 /* iom644.h */ = {isa = PBXFileReference; lastKnownFileType = sourcecode.c.h; path = iom644.h; sourceTree = "<group>"; };
		09F4B5311BAF534D00078869 /* iom644a.h */ = {isa = PBXFileReference; lastKnownFileType = sourcecode.c.h; path = iom644a.h; sourceTree = "<group>"; };
		09F4B5321BAF534D00078869 /* iom644p.h */ = {isa = PBXFileReference; lastKnownFileType = sourcecode.c.h; path = iom644p.h; sourceTree = "<group>"; };
		09F4B5331BAF534D00078869 /* iom644pa.h */ = {isa = PBXFileReference; lastKnownFileType = sourcecode.c.h; path = iom644pa.h; sourceTree = "<group>"; };
		09F4B5341BAF534D00078869 /* iom644rfr2.h */ = {isa = PBXFileReference; lastKnownFileType = sourcecode.c.h; path = iom644rfr2.h; sourceTree = "<group>"; };
		09F4B5351BAF534D00078869 /* iom645.h */ = {isa = PBXFileReference; lastKnownFileType = sourcecode.c.h; path = iom645.h; sourceTree = "<group>"; };
		09F4B5361BAF534D00078869 /* iom6450.h */ = {isa = PBXFileReference; lastKnownFileType = sourcecode.c.h; path = iom6450.h; sourceTree = "<group>"; };
		09F4B5371BAF534D00078869 /* iom6450a.h */ = {isa = PBXFileReference; lastKnownFileType = sourcecode.c.h; path = iom6450a.h; sourceTree = "<group>"; };
		09F4B5381BAF534D00078869 /* iom6450p.h */ = {isa = PBXFileReference; lastKnownFileType = sourcecode.c.h; path = iom6450p.h; sourceTree = "<group>"; };
		09F4B5391BAF534D00078869 /* iom645a.h */ = {isa = PBXFileReference; lastKnownFileType = sourcecode.c.h; path = iom645a.h; sourceTree = "<group>"; };
		09F4B53A1BAF534D00078869 /* iom645p.h */ = {isa = PBXFileReference; lastKnownFileType = sourcecode.c.h; path = iom645p.h; sourceTree = "<group>"; };
		09F4B53B1BAF534D00078869 /* iom649.h */ = {isa = PBXFileReference; lastKnownFileType = sourcecode.c.h; path = iom649.h; sourceTree = "<group>"; };
		09F4B53C1BAF534D00078869 /* iom6490.h */ = {isa = PBXFileReference; lastKnownFileType = sourcecode.c.h; path = iom6490.h; sourceTree = "<group>"; };
		09F4B53D1BAF534D00078869 /* iom6490a.h */ = {isa = PBXFileReference; lastKnownFileType = sourcecode.c.h; path = iom6490a.h; sourceTree = "<group>"; };
		09F4B53E1BAF534D00078869 /* iom6490p.h */ = {isa = PBXFileReference; lastKnownFileType = sourcecode.c.h; path = iom6490p.h; sourceTree = "<group>"; };
		09F4B53F1BAF534D00078869 /* iom649a.h */ = {isa = PBXFileReference; lastKnownFileType = sourcecode.c.h; path = iom649a.h; sourceTree = "<group>"; };
		09F4B5401BAF534D00078869 /* iom649p.h */ = {isa = PBXFileReference; lastKnownFileType = sourcecode.c.h; path = iom649p.h; sourceTree = "<group>"; };
		09F4B5411BAF534D00078869 /* iom64a.h */ = {isa = PBXFileReference; lastKnownFileType = sourcecode.c.h; path = iom64a.h; sourceTree = "<group>"; };
		09F4B5421BAF534D00078869 /* iom64c1.h */ = {isa = PBXFileReference; lastKnownFileType = sourcecode.c.h; path = iom64c1.h; sourceTree = "<group>"; };
		09F4B5431BAF534D00078869 /* iom64hve.h */ = {isa = PBXFileReference; lastKnownFileType = sourcecode.c.h; path = iom64hve.h; sourceTree = "<group>"; };
		09F4B5441BAF534D00078869 /* iom64hve2.h */ = {isa = PBXFileReference; lastKnownFileType = sourcecode.c.h; path = iom64hve2.h; sourceTree = "<group>"; };
		09F4B5451BAF534D00078869 /* iom64m1.h */ = {isa = PBXFileReference; lastKnownFileType = sourcecode.c.h; path = iom64m1.h; sourceTree = "<group>"; };
		09F4B5461BAF534D00078869 /* iom64rfr2.h */ = {isa = PBXFileReference; lastKnownFileType = sourcecode.c.h; path = iom64rfr2.h; sourceTree = "<group>"; };
		09F4B5471BAF534D00078869 /* iom8.h */ = {isa = PBXFileReference; lastKnownFileType = sourcecode.c.h; path = iom8.h; sourceTree = "<group>"; };
		09F4B5481BAF534D00078869 /* iom8515.h */ = {isa = PBXFileReference; lastKnownFileType = sourcecode.c.h; path = iom8515.h; sourceTree = "<group>"; };
		09F4B5491BAF534D00078869 /* iom8535.h */ = {isa = PBXFileReference; lastKnownFileType = sourcecode.c.h; path = iom8535.h; sourceTree = "<group>"; };
		09F4B54A1BAF534D00078869 /* iom88.h */ = {isa = PBXFileReference; lastKnownFileType = sourcecode.c.h; path = iom88.h; sourceTree = "<group>"; };
		09F4B54B1BAF534D00078869 /* iom88a.h */ = {isa = PBXFileReference; lastKnownFileType = sourcecode.c.h; path = iom88a.h; sourceTree = "<group>"; };
		09F4B54C1BAF534D00078869 /* iom88p.h */ = {isa = PBXFileReference; lastKnownFileType = sourcecode.c.h; path = iom88p.h; sourceTree = "<group>"; };
		09F4B54D1BAF534D00078869 /* iom88pa.h */ = {isa = PBXFileReference; lastKnownFileType = sourcecode.c.h; path = iom88pa.h; sourceTree = "<group>"; };
		09F4B54E1BAF534D00078869 /* iom8a.h */ = {isa = PBXFileReference; lastKnownFileType = sourcecode.c.h; path = iom8a.h; sourceTree = "<group>"; };
		09F4B54F1BAF534D00078869 /* iom8hva.h */ = {isa = PBXFileReference; lastKnownFileType = sourcecode.c.h; path = iom8hva.h; sourceTree = "<group>"; };
		09F4B5501BAF534D00078869 /* iom8u2.h */ = {isa = PBXFileReference; lastKnownFileType = sourcecode.c.h; path = iom8u2.h; sourceTree = "<group>"; };
		09F4B5511BAF534D00078869 /* iomx8.h */ = {isa = PBXFileReference; lastKnownFileType = sourcecode.c.h; path = iomx8.h; sourceTree = "<group>"; };
		09F4B5521BAF534D00078869 /* iomxx0_1.h */ = {isa = PBXFileReference; lastKnownFileType = sourcecode.c.h; path = iomxx0_1.h; sourceTree = "<group>"; };
		09F4B5531BAF534D00078869 /* iomxx4.h */ = {isa = PBXFileReference; lastKnownFileType = sourcecode.c.h; path = iomxx4.h; sourceTree = "<group>"; };
		09F4B5541BAF534D00078869 /* iomxxhva.h */ = {isa = PBXFileReference; lastKnownFileType = sourcecode.c.h; path = iomxxhva.h; sourceTree = "<group>"; };
		09F4B5551BAF534D00078869 /* iotn10.h */ = {isa = PBXFileReference; lastKnownFileType = sourcecode.c.h; path = iotn10.h; sourceTree = "<group>"; };
		09F4B5561BAF534D00078869 /* iotn11.h */ = {isa = PBXFileReference; lastKnownFileType = sourcecode.c.h; path = iotn11.h; sourceTree = "<group>"; };
		09F4B5571BAF534D00078869 /* iotn12.h */ = {isa = PBXFileReference; lastKnownFileType = sourcecode.c.h; path = iotn12.h; sourceTree = "<group>"; };
		09F4B5581BAF534D00078869 /* iotn13.h */ = {isa = PBXFileReference; lastKnownFileType = sourcecode.c.h; path = iotn13.h; sourceTree = "<group>"; };
		09F4B5591BAF534D00078869 /* iotn13a.h */ = {isa = PBXFileReference; lastKnownFileType = sourcecode.c.h; path = iotn13a.h; sourceTree = "<group>"; };
		09F4B55A1BAF534D00078869 /* iotn15.h */ = {isa = PBXFileReference; lastKnownFileType = sourcecode.c.h; path = iotn15.h; sourceTree = "<group>"; };
		09F4B55B1BAF534D00078869 /* iotn1634.h */ = {isa = PBXFileReference; lastKnownFileType = sourcecode.c.h; path = iotn1634.h; sourceTree = "<group>"; };
		09F4B55C1BAF534D00078869 /* iotn167.h */ = {isa = PBXFileReference; lastKnownFileType = sourcecode.c.h; path = iotn167.h; sourceTree = "<group>"; };
		09F4B55D1BAF534D00078869 /* iotn20.h */ = {isa = PBXFileReference; lastKnownFileType = sourcecode.c.h; path = iotn20.h; sourceTree = "<group>"; };
		09F4B55E1BAF534D00078869 /* iotn22.h */ = {isa = PBXFileReference; lastKnownFileType = sourcecode.c.h; path = iotn22.h; sourceTree = "<group>"; };
		09F4B55F1BAF534D00078869 /* iotn2313.h */ = {isa = PBXFileReference; lastKnownFileType = sourcecode.c.h; path = iotn2313.h; sourceTree = "<group>"; };
		09F4B5601BAF534D00078869 /* iotn2313a.h */ = {isa = PBXFileReference; lastKnownFileType = sourcecode.c.h; path = iotn2313a.h; sourceTree = "<group>"; };
		09F4B5611BAF534D00078869 /* iotn24.h */ = {isa = PBXFileReference; lastKnownFileType = sourcecode.c.h; path = iotn24.h; sourceTree = "<group>"; };
		09F4B5621BAF534D00078869 /* iotn24a.h */ = {isa = PBXFileReference; lastKnownFileType = sourcecode.c.h; path = iotn24a.h; sourceTree = "<group>"; };
		09F4B5631BAF534D00078869 /* iotn25.h */ = {isa = PBXFileReference; lastKnownFileType = sourcecode.c.h; path = iotn25.h; sourceTree = "<group>"; };
		09F4B5641BAF534D00078869 /* iotn26.h */ = {isa = PBXFileReference; lastKnownFileType = sourcecode.c.h; path = iotn26.h; sourceTree = "<group>"; };
		09F4B5651BAF534D00078869 /* iotn261.h */ = {isa = PBXFileReference; lastKnownFileType = sourcecode.c.h; path = iotn261.h; sourceTree = "<group>"; };
		09F4B5661BAF534D00078869 /* iotn261a.h */ = {isa = PBXFileReference; lastKnownFileType = sourcecode.c.h; path = iotn261a.h; sourceTree = "<group>"; };
		09F4B5671BAF534D00078869 /* iotn28.h */ = {isa = PBXFileReference; lastKnownFileType = sourcecode.c.h; path = iotn28.h; sourceTree = "<group>"; };
		09F4B5681BAF534D00078869 /* iotn4.h */ = {isa = PBXFileReference; lastKnownFileType = sourcecode.c.h; path = iotn4.h; sourceTree = "<group>"; };
		09F4B5691BAF534D00078869 /* iotn40.h */ = {isa = PBXFileReference; lastKnownFileType = sourcecode.c.h; path = iotn40.h; sourceTree = "<group>"; };
		09F4B56A1BAF534D00078869 /* iotn4313.h */ = {isa = PBXFileReference; lastKnownFileType = sourcecode.c.h; path = iotn4313.h; sourceTree = "<group>"; };
		09F4B56B1BAF534D00078869 /* iotn43u.h */ = {isa = PBXFileReference; lastKnownFileType = sourcecode.c.h; path = iotn43u.h; sourceTree = "<group>"; };
		09F4B56C1BAF534D00078869 /* iotn44.h */ = {isa = PBXFileReference; lastKnownFileType = sourcecode.c.h; path = iotn44.h; sourceTree = "<group>"; };
		09F4B56D1BAF534D00078869 /* iotn441.h */ = {isa = PBXFileReference; lastKnownFileType = sourcecode.c.h; path = iotn441.h; sourceTree = "<group>"; };
		09F4B56E1BAF534D00078869 /* iotn44a.h */ = {isa = PBXFileReference; lastKnownFileType = sourcecode.c.h; path = iotn44a.h; sourceTree = "<group>"; };
		09F4B56F1BAF534D00078869 /* iotn45.h */ = {isa = PBXFileReference; lastKnownFileType = sourcecode.c.h; path = iotn45.h; sourceTree = "<group>"; };
		09F4B5701BAF534D00078869 /* iotn461.h */ = {isa = PBXFileReference; lastKnownFileType = sourcecode.c.h; path = iotn461.h; sourceTree = "<group>"; };
		09F4B5711BAF534D00078869 /* iotn461a.h */ = {isa = PBXFileReference; lastKnownFileType = sourcecode.c.h; path = iotn461a.h; sourceTree = "<group>"; };
		09F4B5721BAF534D00078869 /* iotn48.h */ = {isa = PBXFileReference; lastKnownFileType = sourcecode.c.h; path = iotn48.h; sourceTree = "<group>"; };
		09F4B5731BAF534D00078869 /* iotn5.h */ = {isa = PBXFileReference; lastKnownFileType = sourcecode.c.h; path = iotn5.h; sourceTree = "<group>"; };
		09F4B5741BAF534D00078869 /* iotn828.h */ = {isa = PBXFileReference; lastKnownFileType = sourcecode.c.h; path = iotn828.h; sourceTree = "<group>"; };
		09F4B5751BAF534D00078869 /* iotn84.h */ = {isa = PBXFileReference; lastKnownFileType = sourcecode.c.h; path = iotn84.h; sourceTree = "<group>"; };
		09F4B5761BAF534D00078869 /* iotn841.h */ = {isa = PBXFileReference; lastKnownFileType = sourcecode.c.h; path = iotn841.h; sourceTree = "<group>"; };
		09F4B5771BAF534D00078869 /* iotn84a.h */ = {isa = PBXFileReference; lastKnownFileType = sourcecode.c.h; path = iotn84a.h; sourceTree = "<group>"; };
		09F4B5781BAF534D00078869 /* iotn85.h */ = {isa = PBXFileReference; lastKnownFileType = sourcecode.c.h; path = iotn85.h; sourceTree = "<group>"; };
		09F4B5791BAF534D00078869 /* iotn861.h */ = {isa = PBXFileReference; lastKnownFileType = sourcecode.c.h; path = iotn861.h; sourceTree = "<group>"; };
		09F4B57A1BAF534D00078869 /* iotn861a.h */ = {isa = PBXFileReference; lastKnownFileType = sourcecode.c.h; path = iotn861a.h; sourceTree = "<group>"; };
		09F4B57B1BAF534D00078869 /* iotn87.h */ = {isa = PBXFileReference; lastKnownFileType = sourcecode.c.h; path = iotn87.h; sourceTree = "<group>"; };
		09F4B57C1BAF534D00078869 /* iotn88.h */ = {isa = PBXFileReference; lastKnownFileType = sourcecode.c.h; path = iotn88.h; sourceTree = "<group>"; };
		09F4B57D1BAF534D00078869 /* iotn9.h */ = {isa = PBXFileReference; lastKnownFileType = sourcecode.c.h; path = iotn9.h; sourceTree = "<group>"; };
		09F4B57E1BAF534D00078869 /* iotnx4.h */ = {isa = PBXFileReference; lastKnownFileType = sourcecode.c.h; path = iotnx4.h; sourceTree = "<group>"; };
		09F4B57F1BAF534D00078869 /* iotnx5.h */ = {isa = PBXFileReference; lastKnownFileType = sourcecode.c.h; path = iotnx5.h; sourceTree = "<group>"; };
		09F4B5801BAF534D00078869 /* iotnx61.h */ = {isa = PBXFileReference; lastKnownFileType = sourcecode.c.h; path = iotnx61.h; sourceTree = "<group>"; };
		09F4B5811BAF534D00078869 /* iousb1286.h */ = {isa = PBXFileReference; lastKnownFileType = sourcecode.c.h; path = iousb1286.h; sourceTree = "<group>"; };
		09F4B5821BAF534D00078869 /* iousb1287.h */ = {isa = PBXFileReference; lastKnownFileType = sourcecode.c.h; path = iousb1287.h; sourceTree = "<group>"; };
		09F4B5831BAF534D00078869 /* iousb162.h */ = {isa = PBXFileReference; lastKnownFileType = sourcecode.c.h; path = iousb162.h; sourceTree = "<group>"; };
		09F4B5841BAF534D00078869 /* iousb646.h */ = {isa = PBXFileReference; lastKnownFileType = sourcecode.c.h; path = iousb646.h; sourceTree = "<group>"; };
		09F4B5851BAF534D00078869 /* iousb647.h */ = {isa = PBXFileReference; lastKnownFileType = sourcecode.c.h; path = iousb647.h; sourceTree = "<group>"; };
		09F4B5861BAF534D00078869 /* iousb82.h */ = {isa = PBXFileReference; lastKnownFileType = sourcecode.c.h; path = iousb82.h; sourceTree = "<group>"; };
		09F4B5871BAF534D00078869 /* iousbxx2.h */ = {isa = PBXFileReference; lastKnownFileType = sourcecode.c.h; path = iousbxx2.h; sourceTree = "<group>"; };
		09F4B5881BAF534D00078869 /* iousbxx6_7.h */ = {isa = PBXFileReference; lastKnownFileType = sourcecode.c.h; path = iousbxx6_7.h; sourceTree = "<group>"; };
		09F4B5891BAF534D00078869 /* iox128a1.h */ = {isa = PBXFileReference; lastKnownFileType = sourcecode.c.h; path = iox128a1.h; sourceTree = "<group>"; };
		09F4B58A1BAF534D00078869 /* iox128a1u.h */ = {isa = PBXFileReference; lastKnownFileType = sourcecode.c.h; path = iox128a1u.h; sourceTree = "<group>"; };
		09F4B58B1BAF534D00078869 /* iox128a3.h */ = {isa = PBXFileReference; lastKnownFileType = sourcecode.c.h; path = iox128a3.h; sourceTree = "<group>"; };
		09F4B58C1BAF534D00078869 /* iox128a3u.h */ = {isa = PBXFileReference; lastKnownFileType = sourcecode.c.h; path = iox128a3u.h; sourceTree = "<group>"; };
		09F4B58D1BAF534D00078869 /* iox128a4u.h */ = {isa = PBXFileReference; lastKnownFileType = sourcecode.c.h; path = iox128a4u.h; sourceTree = "<group>"; };
		09F4B58E1BAF534D00078869 /* iox128b1.h */ = {isa = PBXFileReference; lastKnownFileType = sourcecode.c.h; path = iox128b1.h; sourceTree = "<group>"; };
		09F4B58F1BAF534D00078869 /* iox128b3.h */ = {isa = PBXFileReference; lastKnownFileType = sourcecode.c.h; path = iox128b3.h; sourceTree = "<group>"; };
		09F4B5901BAF534D00078869 /* iox128c3.h */ = {isa = PBXFileReference; lastKnownFileType = sourcecode.c.h; path = iox128c3.h; sourceTree = "<group>"; };
		09F4B5911BAF534D00078869 /* iox128d3.h */ = {isa = PBXFileReference; lastKnownFileType = sourcecode.c.h; path = iox128d3.h; sourceTree = "<group>"; };
		09F4B5921BAF534D00078869 /* iox128d4.h */ = {isa = PBXFileReference; lastKnownFileType = sourcecode.c.h; path = iox128d4.h; sourceTree = "<group>"; };
		09F4B5931BAF534D00078869 /* iox16a4.h */ = {isa = PBXFileReference; lastKnownFileType = sourcecode.c.h; path = iox16a4.h; sourceTree = "<group>"; };
		09F4B5941BAF534D00078869 /* iox16a4u.h */ = {isa = PBXFileReference; lastKnownFileType = sourcecode.c.h; path = iox16a4u.h; sourceTree = "<group>"; };
		09F4B5951BAF534D00078869 /* iox16c4.h */ = {isa = PBXFileReference; lastKnownFileType = sourcecode.c.h; path = iox16c4.h; sourceTree = "<group>"; };
		09F4B5961BAF534D00078869 /* iox16d4.h */ = {isa = PBXFileReference; lastKnownFileType = sourcecode.c.h; path = iox16d4.h; sourceTree = "<group>"; };
		09F4B5971BAF534D00078869 /* iox16e5.h */ = {isa = PBXFileReference; lastKnownFileType = sourcecode.c.h; path = iox16e5.h; sourceTree = "<group>"; };
		09F4B5981BAF534D00078869 /* iox192a3.h */ = {isa = PBXFileReference; lastKnownFileType = sourcecode.c.h; path = iox192a3.h; sourceTree = "<group>"; };
		09F4B5991BAF534D00078869 /* iox192a3u.h */ = {isa = PBXFileReference; lastKnownFileType = sourcecode.c.h; path = iox192a3u.h; sourceTree = "<group>"; };
		09F4B59A1BAF534D00078869 /* iox192c3.h */ = {isa = PBXFileReference; lastKnownFileType = sourcecode.c.h; path = iox192c3.h; sourceTree = "<group>"; };
		09F4B59B1BAF534D00078869 /* iox192d3.h */ = {isa = PBXFileReference; lastKnownFileType = sourcecode.c.h; path = iox192d3.h; sourceTree = "<group>"; };
		09F4B59C1BAF534D00078869 /* iox256a3.h */ = {isa = PBXFileReference; lastKnownFileType = sourcecode.c.h; path = iox256a3.h; sourceTree = "<group>"; };
		09F4B59D1BAF534D00078869 /* iox256a3b.h */ = {isa = PBXFileReference; lastKnownFileType = sourcecode.c.h; path = iox256a3b.h; sourceTree = "<group>"; };
		09F4B59E1BAF534D00078869 /* iox256a3bu.h */ = {isa = PBXFileReference; lastKnownFileType = sourcecode.c.h; path = iox256a3bu.h; sourceTree = "<group>"; };
		09F4B59F1BAF534D00078869 /* iox256a3u.h */ = {isa = PBXFileReference; lastKnownFileType = sourcecode.c.h; path = iox256a3u.h; sourceTree = "<group>"; };
		09F4B5A01BAF534D00078869 /* iox256c3.h */ = {isa = PBXFileReference; lastKnownFileType = sourcecode.c.h; path = iox256c3.h; sourceTree = "<group>"; };
		09F4B5A11BAF534D00078869 /* iox256d3.h */ = {isa = PBXFileReference; lastKnownFileType = sourcecode.c.h; path = iox256d3.h; sourceTree = "<group>"; };
		09F4B5A21BAF534D00078869 /* iox32a4.h */ = {isa = PBXFileReference; lastKnownFileType = sourcecode.c.h; path = iox32a4.h; sourceTree = "<group>"; };
		09F4B5A31BAF534D00078869 /* iox32a4u.h */ = {isa = PBXFileReference; lastKnownFileType = sourcecode.c.h; path = iox32a4u.h; sourceTree = "<group>"; };
		09F4B5A41BAF534D00078869 /* iox32c3.h */ = {isa = PBXFileReference; lastKnownFileType = sourcecode.c.h; path = iox32c3.h; sourceTree = "<group>"; };
		09F4B5A51BAF534D00078869 /* iox32c4.h */ = {isa = PBXFileReference; lastKnownFileType = sourcecode.c.h; path = iox32c4.h; sourceTree = "<group>"; };
		09F4B5A61BAF534D00078869 /* iox32d3.h */ = {isa = PBXFileReference; lastKnownFileType = sourcecode.c.h; path = iox32d3.h; sourceTree = "<group>"; };
		09F4B5A71BAF534D00078869 /* iox32d4.h */ = {isa = PBXFileReference; lastKnownFileType = sourcecode.c.h; path = iox32d4.h; sourceTree = "<group>"; };
		09F4B5A81BAF534D00078869 /* iox32e5.h */ = {isa = PBXFileReference; lastKnownFileType = sourcecode.c.h; path = iox32e5.h; sourceTree = "<group>"; };
		09F4B5A91BAF534D00078869 /* iox384c3.h */ = {isa = PBXFileReference; lastKnownFileType = sourcecode.c.h; path = iox384c3.h; sourceTree = "<group>"; };
		09F4B5AA1BAF534D00078869 /* iox384d3.h */ = {isa = PBXFileReference; lastKnownFileType = sourcecode.c.h; path = iox384d3.h; sourceTree = "<group>"; };
		09F4B5AB1BAF534D00078869 /* iox64a1.h */ = {isa = PBXFileReference; lastKnownFileType = sourcecode.c.h; path = iox64a1.h; sourceTree = "<group>"; };
		09F4B5AC1BAF534D00078869 /* iox64a1u.h */ = {isa = PBXFileReference; lastKnownFileType = sourcecode.c.h; path = iox64a1u.h; sourceTree = "<group>"; };
		09F4B5AD1BAF534D00078869 /* iox64a3.h */ = {isa = PBXFileReference; lastKnownFileType = sourcecode.c.h; path = iox64a3.h; sourceTree = "<group>"; };
		09F4B5AE1BAF534D00078869 /* iox64a3u.h */ = {isa = PBXFileReference; lastKnownFileType = sourcecode.c.h; path = iox64a3u.h; sourceTree = "<group>"; };
		09F4B5AF1BAF534D00078869 /* iox64a4u.h */ = {isa = PBXFileReference; lastKnownFileType = sourcecode.c.h; path = iox64a4u.h; sourceTree = "<group>"; };
		09F4B5B01BAF534D00078869 /* iox64b1.h */ = {isa = PBXFileReference; lastKnownFileType = sourcecode.c.h; path = iox64b1.h; sourceTree = "<group>"; };
		09F4B5B11BAF534D00078869 /* iox64b3.h */ = {isa = PBXFileReference; lastKnownFileType = sourcecode.c.h; path = iox64b3.h; sourceTree = "<group>"; };
		09F4B5B21BAF534D00078869 /* iox64c3.h */ = {isa = PBXFileReference; lastKnownFileType = sourcecode.c.h; path = iox64c3.h; sourceTree = "<group>"; };
		09F4B5B31BAF534D00078869 /* iox64d3.h */ = {isa = PBXFileReference; lastKnownFileType = sourcecode.c.h; path = iox64d3.h; sourceTree = "<group>"; };
		09F4B5B41BAF534D00078869 /* iox64d4.h */ = {isa = PBXFileReference; lastKnownFileType = sourcecode.c.h; path = iox64d4.h; sourceTree = "<group>"; };
		09F4B5B51BAF534D00078869 /* iox8e5.h */ = {isa = PBXFileReference; lastKnownFileType = sourcecode.c.h; path = iox8e5.h; sourceTree = "<group>"; };
		09F4B5B61BAF534D00078869 /* lock.h */ = {isa = PBXFileReference; lastKnownFileType = sourcecode.c.h; path = lock.h; sourceTree = "<group>"; };
		09F4B5B71BAF534D00078869 /* parity.h */ = {isa = PBXFileReference; lastKnownFileType = sourcecode.c.h; path = parity.h; sourceTree = "<group>"; };
		09F4B5B81BAF534D00078869 /* pgmspace.h */ = {isa = PBXFileReference; lastKnownFileType = sourcecode.c.h; path = pgmspace.h; sourceTree = "<group>"; };
		09F4B5B91BAF534D00078869 /* portpins.h */ = {isa = PBXFileReference; lastKnownFileType = sourcecode.c.h; path = portpins.h; sourceTree = "<group>"; };
		09F4B5BA1BAF534D00078869 /* power.h */ = {isa = PBXFileReference; lastKnownFileType = sourcecode.c.h; path = power.h; sourceTree = "<group>"; };
		09F4B5BB1BAF534D00078869 /* sfr_defs.h */ = {isa = PBXFileReference; lastKnownFileType = sourcecode.c.h; path = sfr_defs.h; sourceTree = "<group>"; };
		09F4B5BC1BAF534D00078869 /* signal.h */ = {isa = PBXFileReference; lastKnownFileType = sourcecode.c.h; path = signal.h; sourceTree = "<group>"; };
		09F4B5BD1BAF534D00078869 /* signature.h */ = {isa = PBXFileReference; lastKnownFileType = sourcecode.c.h; path = signature.h; sourceTree = "<group>"; };
		09F4B5BE1BAF534D00078869 /* sleep.h */ = {isa = PBXFileReference; lastKnownFileType = sourcecode.c.h; path = sleep.h; sourceTree = "<group>"; };
		09F4B5BF1BAF534D00078869 /* version.h */ = {isa = PBXFileReference; lastKnownFileType = sourcecode.c.h; path = version.h; sourceTree = "<group>"; };
		09F4B5C01BAF534D00078869 /* wdt.h */ = {isa = PBXFileReference; lastKnownFileType = sourcecode.c.h; path = wdt.h; sourceTree = "<group>"; };
		09F4B5C11BAF534D00078869 /* xmega.h */ = {isa = PBXFileReference; lastKnownFileType = sourcecode.c.h; path = xmega.h; sourceTree = "<group>"; };
		09F4B5C31BAF534D00078869 /* deprecated.h */ = {isa = PBXFileReference; lastKnownFileType = sourcecode.c.h; path = deprecated.h; sourceTree = "<group>"; };
		09F4B5C41BAF534D00078869 /* ina90.h */ = {isa = PBXFileReference; lastKnownFileType = sourcecode.c.h; path = ina90.h; sourceTree = "<group>"; };
		09F4B5C51BAF534D00078869 /* twi.h */ = {isa = PBXFileReference; lastKnownFileType = sourcecode.c.h; path = twi.h; sourceTree = "<group>"; };
		09F4B5C61BAF534D00078869 /* ctype.h */ = {isa = PBXFileReference; lastKnownFileType = sourcecode.c.h; path = ctype.h; sourceTree = "<group>"; };
		09F4B5C71BAF534D00078869 /* errno.h */ = {isa = PBXFileReference; lastKnownFileType = sourcecode.c.h; path = errno.h; sourceTree = "<group>"; };
		09F4B5C81BAF534D00078869 /* inttypes.h */ = {isa = PBXFileReference; lastKnownFileType = sourcecode.c.h; path = inttypes.h; sourceTree = "<group>"; };
		09F4B5C91BAF534D00078869 /* math.h */ = {isa = PBXFileReference; lastKnownFileType = sourcecode.c.h; path = math.h; sourceTree = "<group>"; };
		09F4B5CA1BAF534D00078869 /* setjmp.h */ = {isa = PBXFileReference; lastKnownFileType = sourcecode.c.h; path = setjmp.h; sourceTree = "<group>"; };
		09F4B5CB1BAF534D00078869 /* stdfix-avrlibc.h */ = {isa = PBXFileReference; lastKnownFileType = sourcecode.c.h; path = "stdfix-avrlibc.h"; sourceTree = "<group>"; };
		09F4B5CC1BAF534D00078869 /* stdint.h */ = {isa = PBXFileReference; lastKnownFileType = sourcecode.c.h; path = stdint.h; sourceTree = "<group>"; };
		09F4B5CD1BAF534D00078869 /* stdio.h */ = {isa = PBXFileReference; lastKnownFileType = sourcecode.c.h; path = stdio.h; sourceTree = "<group>"; };
		09F4B5CE1BAF534D00078869 /* stdlib.h */ = {isa = PBXFileReference; lastKnownFileType = sourcecode.c.h; path = stdlib.h; sourceTree = "<group>"; };
		09F4B5CF1BAF534D00078869 /* string.h */ = {isa = PBXFileReference; lastKnownFileType = sourcecode.c.h; path = string.h; sourceTree = "<group>"; };
		09F4B5D11BAF534D00078869 /* atomic.h */ = {isa = PBXFileReference; lastKnownFileType = sourcecode.c.h; path = atomic.h; sourceTree = "<group>"; };
		09F4B5D21BAF534D00078869 /* crc16.h */ = {isa = PBXFileReference; lastKnownFileType = sourcecode.c.h; path = crc16.h; sourceTree = "<group>"; };
		09F4B5D31BAF534D00078869 /* delay.h */ = {isa = PBXFileReference; lastKnownFileType = sourcecode.c.h; path = delay.h; sourceTree = "<group>"; };
		09F4B5D41BAF534D00078869 /* delay_basic.h */ = {isa = PBXFileReference; lastKnownFileType = sourcecode.c.h; path = delay_basic.h; sourceTree = "<group>"; };
		09F4B5D51BAF534D00078869 /* parity.h */ = {isa = PBXFileReference; lastKnownFileType = sourcecode.c.h; path = parity.h; sourceTree = "<group>"; };
		09F4B5D61BAF534D00078869 /* setbaud.h */ = {isa = PBXFileReference; lastKnownFileType = sourcecode.c.h; path = setbaud.h; sourceTree = "<group>"; };
		09F4B5D71BAF534D00078869 /* twi.h */ = {isa = PBXFileReference; lastKnownFileType = sourcecode.c.h; path = twi.h; sourceTree = "<group>"; };
/* End PBXFileReference section */

/* Begin PBXGroup section */
		094A2A3F1BBFBCA300ED8149 /* include */ = {
			isa = PBXGroup;
			children = (
				094A2A401BBFBCA300ED8149 /* constants.h */,
				094A2A411BBFBCA300ED8149 /* LCD.h */,
				094A2A421BBFBCA300ED8149 /* USART0.h */,
				094A2A561BBFCF8300ED8149 /* Port.h */,
				094A2A4F1BBFC4DA00ED8149 /* Pin.h */,
				09BCD1351BBFDCEF001173A0 /* PinMap.h */,
			);
			path = include;
			sourceTree = "<group>";
		};
		094A2A431BBFBCA300ED8149 /* src */ = {
			isa = PBXGroup;
			children = (
				094A2A441BBFBCA300ED8149 /* LCD.cpp */,
				094A2A461BBFBCA300ED8149 /* USART0.cpp */,
				094A2A4C1BBFC4C400ED8149 /* Pin.cpp */,
				094A2A541BBFCF7900ED8149 /* Port.cpp */,
				094A2A451BBFBCA300ED8149 /* main.cpp */,
			);
			path = src;
			sourceTree = "<group>";
		};
		094A2A4B1BBFC22900ED8149 /* avr  */ = {
			isa = PBXGroup;
			children = (
				09F4B4A61BAF534D00078869 /* include */,
			);
			name = "avr ";
			sourceTree = "<group>";
		};
		09B4FCB61BAF51B400C10467 = {
			isa = PBXGroup;
			children = (
				094A2A4A1BBFBE8E00ED8149 /* Makefile */,
				094A2A4B1BBFC22900ED8149 /* avr  */,
				094A2A3F1BBFBCA300ED8149 /* include */,
				094A2A431BBFBCA300ED8149 /* src */,
				09A336C61BBFDE2400264C76 /* index */,
			);
			sourceTree = "<group>";
		};
		09F4B4A61BAF534D00078869 /* include */ = {
			isa = PBXGroup;
			children = (
				09F4B4A71BAF534D00078869 /* alloca.h */,
				09F4B4A81BAF534D00078869 /* assert.h */,
				09F4B4A91BAF534D00078869 /* avr */,
				09F4B5C21BAF534D00078869 /* compat */,
				09F4B5C61BAF534D00078869 /* ctype.h */,
				09F4B5C71BAF534D00078869 /* errno.h */,
				09F4B5C81BAF534D00078869 /* inttypes.h */,
				09F4B5C91BAF534D00078869 /* math.h */,
				09F4B5CA1BAF534D00078869 /* setjmp.h */,
				09F4B5CB1BAF534D00078869 /* stdfix-avrlibc.h */,
				09F4B5CC1BAF534D00078869 /* stdint.h */,
				09F4B5CD1BAF534D00078869 /* stdio.h */,
				09F4B5CE1BAF534D00078869 /* stdlib.h */,
				09F4B5CF1BAF534D00078869 /* string.h */,
				09F4B5D01BAF534D00078869 /* util */,
			);
			name = include;
			path = "/usr/local/CrossPack-AVR-20131216/avr/include";
			sourceTree = "<absolute>";
		};
		09F4B4A91BAF534D00078869 /* avr */ = {
			isa = PBXGroup;
			children = (
				09F4B4AA1BAF534D00078869 /* boot.h */,
				09F4B4AB1BAF534D00078869 /* builtins.h */,
				09F4B4AC1BAF534D00078869 /* common.h */,
				09F4B4AD1BAF534D00078869 /* cpufunc.h */,
				09F4B4AE1BAF534D00078869 /* crc16.h */,
				09F4B4AF1BAF534D00078869 /* delay.h */,
				09F4B4B01BAF534D00078869 /* eeprom.h */,
				09F4B4B11BAF534D00078869 /* fuse.h */,
				09F4B4B21BAF534D00078869 /* interrupt.h */,
				09F4B4B31BAF534D00078869 /* io.h */,
				09F4B4B41BAF534D00078869 /* io1200.h */,
				09F4B4B51BAF534D00078869 /* io2313.h */,
				09F4B4B61BAF534D00078869 /* io2323.h */,
				09F4B4B71BAF534D00078869 /* io2333.h */,
				09F4B4B81BAF534D00078869 /* io2343.h */,
				09F4B4B91BAF534D00078869 /* io43u32x.h */,
				09F4B4BA1BAF534D00078869 /* io43u35x.h */,
				09F4B4BB1BAF534D00078869 /* io4414.h */,
				09F4B4BC1BAF534D00078869 /* io4433.h */,
				09F4B4BD1BAF534D00078869 /* io4434.h */,
				09F4B4BE1BAF534D00078869 /* io76c711.h */,
				09F4B4BF1BAF534D00078869 /* io8515.h */,
				09F4B4C01BAF534D00078869 /* io8534.h */,
				09F4B4C11BAF534D00078869 /* io8535.h */,
				09F4B4C21BAF534D00078869 /* io86r401.h */,
				09F4B4C31BAF534D00078869 /* io90pwm1.h */,
				09F4B4C41BAF534D00078869 /* io90pwm161.h */,
				09F4B4C51BAF534D00078869 /* io90pwm216.h */,
				09F4B4C61BAF534D00078869 /* io90pwm2b.h */,
				09F4B4C71BAF534D00078869 /* io90pwm316.h */,
				09F4B4C81BAF534D00078869 /* io90pwm3b.h */,
				09F4B4C91BAF534D00078869 /* io90pwm81.h */,
				09F4B4CA1BAF534D00078869 /* io90pwmx.h */,
				09F4B4CB1BAF534D00078869 /* io90scr100.h */,
				09F4B4CC1BAF534D00078869 /* ioa5272.h */,
				09F4B4CD1BAF534D00078869 /* ioa5505.h */,
				09F4B4CE1BAF534D00078869 /* ioa5790.h */,
				09F4B4CF1BAF534D00078869 /* ioa5790n.h */,
				09F4B4D01BAF534D00078869 /* ioa5795.h */,
				09F4B4D11BAF534D00078869 /* ioa5831.h */,
				09F4B4D21BAF534D00078869 /* ioa6285.h */,
				09F4B4D31BAF534D00078869 /* ioa6286.h */,
				09F4B4D41BAF534D00078869 /* ioa6289.h */,
				09F4B4D51BAF534D00078869 /* ioa6612c.h */,
				09F4B4D61BAF534D00078869 /* ioa6613c.h */,
				09F4B4D71BAF534D00078869 /* ioa6614q.h */,
				09F4B4D81BAF534D00078869 /* ioa6616c.h */,
				09F4B4D91BAF534D00078869 /* ioa6617c.h */,
				09F4B4DA1BAF534D00078869 /* ioa664251.h */,
				09F4B4DB1BAF534D00078869 /* ioat94k.h */,
				09F4B4DC1BAF534D00078869 /* iocan128.h */,
				09F4B4DD1BAF534D00078869 /* iocan32.h */,
				09F4B4DE1BAF534D00078869 /* iocan64.h */,
				09F4B4DF1BAF534D00078869 /* iocanxx.h */,
				09F4B4E01BAF534D00078869 /* iom103.h */,
				09F4B4E11BAF534D00078869 /* iom128.h */,
				09F4B4E21BAF534D00078869 /* iom1280.h */,
				09F4B4E31BAF534D00078869 /* iom1281.h */,
				09F4B4E41BAF534D00078869 /* iom1284.h */,
				09F4B4E51BAF534D00078869 /* iom1284p.h */,
				09F4B4E61BAF534D00078869 /* iom1284rfr2.h */,
				09F4B4E71BAF534D00078869 /* iom128a.h */,
				09F4B4E81BAF534D00078869 /* iom128rfa1.h */,
				09F4B4E91BAF534D00078869 /* iom128rfr2.h */,
				09F4B4EA1BAF534D00078869 /* iom16.h */,
				09F4B4EB1BAF534D00078869 /* iom161.h */,
				09F4B4EC1BAF534D00078869 /* iom162.h */,
				09F4B4ED1BAF534D00078869 /* iom163.h */,
				09F4B4EE1BAF534D00078869 /* iom164.h */,
				09F4B4EF1BAF534D00078869 /* iom164a.h */,
				09F4B4F01BAF534D00078869 /* iom164p.h */,
				09F4B4F11BAF534D00078869 /* iom164pa.h */,
				09F4B4F21BAF534D00078869 /* iom165.h */,
				09F4B4F31BAF534D00078869 /* iom165a.h */,
				09F4B4F41BAF534D00078869 /* iom165p.h */,
				09F4B4F51BAF534D00078869 /* iom165pa.h */,
				09F4B4F61BAF534D00078869 /* iom168.h */,
				09F4B4F71BAF534D00078869 /* iom168a.h */,
				09F4B4F81BAF534D00078869 /* iom168p.h */,
				09F4B4F91BAF534D00078869 /* iom168pa.h */,
				09F4B4FA1BAF534D00078869 /* iom169.h */,
				09F4B4FB1BAF534D00078869 /* iom169a.h */,
				09F4B4FC1BAF534D00078869 /* iom169p.h */,
				09F4B4FD1BAF534D00078869 /* iom169pa.h */,
				09F4B4FE1BAF534D00078869 /* iom16a.h */,
				09F4B4FF1BAF534D00078869 /* iom16hva.h */,
				09F4B5001BAF534D00078869 /* iom16hva2.h */,
				09F4B5011BAF534D00078869 /* iom16hvb.h */,
				09F4B5021BAF534D00078869 /* iom16hvbrevb.h */,
				09F4B5031BAF534D00078869 /* iom16m1.h */,
				09F4B5041BAF534D00078869 /* iom16u2.h */,
				09F4B5051BAF534D00078869 /* iom16u4.h */,
				09F4B5061BAF534D00078869 /* iom2560.h */,
				09F4B5071BAF534D00078869 /* iom2561.h */,
				09F4B5081BAF534D00078869 /* iom2564rfr2.h */,
				09F4B5091BAF534D00078869 /* iom256rfr2.h */,
				09F4B50A1BAF534D00078869 /* iom3000.h */,
				09F4B50B1BAF534D00078869 /* iom32.h */,
				09F4B50C1BAF534D00078869 /* iom323.h */,
				09F4B50D1BAF534D00078869 /* iom324a.h */,
				09F4B50E1BAF534D00078869 /* iom324p.h */,
				09F4B50F1BAF534D00078869 /* iom324pa.h */,
				09F4B5101BAF534D00078869 /* iom325.h */,
				09F4B5111BAF534D00078869 /* iom3250.h */,
				09F4B5121BAF534D00078869 /* iom3250a.h */,
				09F4B5131BAF534D00078869 /* iom3250p.h */,
				09F4B5141BAF534D00078869 /* iom3250pa.h */,
				09F4B5151BAF534D00078869 /* iom325a.h */,
				09F4B5161BAF534D00078869 /* iom325p.h */,
				09F4B5171BAF534D00078869 /* iom325pa.h */,
				09F4B5181BAF534D00078869 /* iom328.h */,
				09F4B5191BAF534D00078869 /* iom328p.h */,
				09F4B51A1BAF534D00078869 /* iom329.h */,
				09F4B51B1BAF534D00078869 /* iom3290.h */,
				09F4B51C1BAF534D00078869 /* iom3290a.h */,
				09F4B51D1BAF534D00078869 /* iom3290pa.h */,
				09F4B51E1BAF534D00078869 /* iom329a.h */,
				09F4B51F1BAF534D00078869 /* iom329p.h */,
				09F4B5201BAF534D00078869 /* iom329pa.h */,
				09F4B5211BAF534D00078869 /* iom32a.h */,
				09F4B5221BAF534D00078869 /* iom32c1.h */,
				09F4B5231BAF534D00078869 /* iom32hvb.h */,
				09F4B5241BAF534D00078869 /* iom32hvbrevb.h */,
				09F4B5251BAF534D00078869 /* iom32m1.h */,
				09F4B5261BAF534D00078869 /* iom32u2.h */,
				09F4B5271BAF534D00078869 /* iom32u4.h */,
				09F4B5281BAF534D00078869 /* iom32u6.h */,
				09F4B5291BAF534D00078869 /* iom406.h */,
				09F4B52A1BAF534D00078869 /* iom48.h */,
				09F4B52B1BAF534D00078869 /* iom48a.h */,
				09F4B52C1BAF534D00078869 /* iom48p.h */,
				09F4B52D1BAF534D00078869 /* iom48pa.h */,
				09F4B52E1BAF534D00078869 /* iom64.h */,
				09F4B52F1BAF534D00078869 /* iom640.h */,
				09F4B5301BAF534D00078869 /* iom644.h */,
				09F4B5311BAF534D00078869 /* iom644a.h */,
				09F4B5321BAF534D00078869 /* iom644p.h */,
				09F4B5331BAF534D00078869 /* iom644pa.h */,
				09F4B5341BAF534D00078869 /* iom644rfr2.h */,
				09F4B5351BAF534D00078869 /* iom645.h */,
				09F4B5361BAF534D00078869 /* iom6450.h */,
				09F4B5371BAF534D00078869 /* iom6450a.h */,
				09F4B5381BAF534D00078869 /* iom6450p.h */,
				09F4B5391BAF534D00078869 /* iom645a.h */,
				09F4B53A1BAF534D00078869 /* iom645p.h */,
				09F4B53B1BAF534D00078869 /* iom649.h */,
				09F4B53C1BAF534D00078869 /* iom6490.h */,
				09F4B53D1BAF534D00078869 /* iom6490a.h */,
				09F4B53E1BAF534D00078869 /* iom6490p.h */,
				09F4B53F1BAF534D00078869 /* iom649a.h */,
				09F4B5401BAF534D00078869 /* iom649p.h */,
				09F4B5411BAF534D00078869 /* iom64a.h */,
				09F4B5421BAF534D00078869 /* iom64c1.h */,
				09F4B5431BAF534D00078869 /* iom64hve.h */,
				09F4B5441BAF534D00078869 /* iom64hve2.h */,
				09F4B5451BAF534D00078869 /* iom64m1.h */,
				09F4B5461BAF534D00078869 /* iom64rfr2.h */,
				09F4B5471BAF534D00078869 /* iom8.h */,
				09F4B5481BAF534D00078869 /* iom8515.h */,
				09F4B5491BAF534D00078869 /* iom8535.h */,
				09F4B54A1BAF534D00078869 /* iom88.h */,
				09F4B54B1BAF534D00078869 /* iom88a.h */,
				09F4B54C1BAF534D00078869 /* iom88p.h */,
				09F4B54D1BAF534D00078869 /* iom88pa.h */,
				09F4B54E1BAF534D00078869 /* iom8a.h */,
				09F4B54F1BAF534D00078869 /* iom8hva.h */,
				09F4B5501BAF534D00078869 /* iom8u2.h */,
				09F4B5511BAF534D00078869 /* iomx8.h */,
				09F4B5521BAF534D00078869 /* iomxx0_1.h */,
				09F4B5531BAF534D00078869 /* iomxx4.h */,
				09F4B5541BAF534D00078869 /* iomxxhva.h */,
				09F4B5551BAF534D00078869 /* iotn10.h */,
				09F4B5561BAF534D00078869 /* iotn11.h */,
				09F4B5571BAF534D00078869 /* iotn12.h */,
				09F4B5581BAF534D00078869 /* iotn13.h */,
				09F4B5591BAF534D00078869 /* iotn13a.h */,
				09F4B55A1BAF534D00078869 /* iotn15.h */,
				09F4B55B1BAF534D00078869 /* iotn1634.h */,
				09F4B55C1BAF534D00078869 /* iotn167.h */,
				09F4B55D1BAF534D00078869 /* iotn20.h */,
				09F4B55E1BAF534D00078869 /* iotn22.h */,
				09F4B55F1BAF534D00078869 /* iotn2313.h */,
				09F4B5601BAF534D00078869 /* iotn2313a.h */,
				09F4B5611BAF534D00078869 /* iotn24.h */,
				09F4B5621BAF534D00078869 /* iotn24a.h */,
				09F4B5631BAF534D00078869 /* iotn25.h */,
				09F4B5641BAF534D00078869 /* iotn26.h */,
				09F4B5651BAF534D00078869 /* iotn261.h */,
				09F4B5661BAF534D00078869 /* iotn261a.h */,
				09F4B5671BAF534D00078869 /* iotn28.h */,
				09F4B5681BAF534D00078869 /* iotn4.h */,
				09F4B5691BAF534D00078869 /* iotn40.h */,
				09F4B56A1BAF534D00078869 /* iotn4313.h */,
				09F4B56B1BAF534D00078869 /* iotn43u.h */,
				09F4B56C1BAF534D00078869 /* iotn44.h */,
				09F4B56D1BAF534D00078869 /* iotn441.h */,
				09F4B56E1BAF534D00078869 /* iotn44a.h */,
				09F4B56F1BAF534D00078869 /* iotn45.h */,
				09F4B5701BAF534D00078869 /* iotn461.h */,
				09F4B5711BAF534D00078869 /* iotn461a.h */,
				09F4B5721BAF534D00078869 /* iotn48.h */,
				09F4B5731BAF534D00078869 /* iotn5.h */,
				09F4B5741BAF534D00078869 /* iotn828.h */,
				09F4B5751BAF534D00078869 /* iotn84.h */,
				09F4B5761BAF534D00078869 /* iotn841.h */,
				09F4B5771BAF534D00078869 /* iotn84a.h */,
				09F4B5781BAF534D00078869 /* iotn85.h */,
				09F4B5791BAF534D00078869 /* iotn861.h */,
				09F4B57A1BAF534D00078869 /* iotn861a.h */,
				09F4B57B1BAF534D00078869 /* iotn87.h */,
				09F4B57C1BAF534D00078869 /* iotn88.h */,
				09F4B57D1BAF534D00078869 /* iotn9.h */,
				09F4B57E1BAF534D00078869 /* iotnx4.h */,
				09F4B57F1BAF534D00078869 /* iotnx5.h */,
				09F4B5801BAF534D00078869 /* iotnx61.h */,
				09F4B5811BAF534D00078869 /* iousb1286.h */,
				09F4B5821BAF534D00078869 /* iousb1287.h */,
				09F4B5831BAF534D00078869 /* iousb162.h */,
				09F4B5841BAF534D00078869 /* iousb646.h */,
				09F4B5851BAF534D00078869 /* iousb647.h */,
				09F4B5861BAF534D00078869 /* iousb82.h */,
				09F4B5871BAF534D00078869 /* iousbxx2.h */,
				09F4B5881BAF534D00078869 /* iousbxx6_7.h */,
				09F4B5891BAF534D00078869 /* iox128a1.h */,
				09F4B58A1BAF534D00078869 /* iox128a1u.h */,
				09F4B58B1BAF534D00078869 /* iox128a3.h */,
				09F4B58C1BAF534D00078869 /* iox128a3u.h */,
				09F4B58D1BAF534D00078869 /* iox128a4u.h */,
				09F4B58E1BAF534D00078869 /* iox128b1.h */,
				09F4B58F1BAF534D00078869 /* iox128b3.h */,
				09F4B5901BAF534D00078869 /* iox128c3.h */,
				09F4B5911BAF534D00078869 /* iox128d3.h */,
				09F4B5921BAF534D00078869 /* iox128d4.h */,
				09F4B5931BAF534D00078869 /* iox16a4.h */,
				09F4B5941BAF534D00078869 /* iox16a4u.h */,
				09F4B5951BAF534D00078869 /* iox16c4.h */,
				09F4B5961BAF534D00078869 /* iox16d4.h */,
				09F4B5971BAF534D00078869 /* iox16e5.h */,
				09F4B5981BAF534D00078869 /* iox192a3.h */,
				09F4B5991BAF534D00078869 /* iox192a3u.h */,
				09F4B59A1BAF534D00078869 /* iox192c3.h */,
				09F4B59B1BAF534D00078869 /* iox192d3.h */,
				09F4B59C1BAF534D00078869 /* iox256a3.h */,
				09F4B59D1BAF534D00078869 /* iox256a3b.h */,
				09F4B59E1BAF534D00078869 /* iox256a3bu.h */,
				09F4B59F1BAF534D00078869 /* iox256a3u.h */,
				09F4B5A01BAF534D00078869 /* iox256c3.h */,
				09F4B5A11BAF534D00078869 /* iox256d3.h */,
				09F4B5A21BAF534D00078869 /* iox32a4.h */,
				09F4B5A31BAF534D00078869 /* iox32a4u.h */,
				09F4B5A41BAF534D00078869 /* iox32c3.h */,
				09F4B5A51BAF534D00078869 /* iox32c4.h */,
				09F4B5A61BAF534D00078869 /* iox32d3.h */,
				09F4B5A71BAF534D00078869 /* iox32d4.h */,
				09F4B5A81BAF534D00078869 /* iox32e5.h */,
				09F4B5A91BAF534D00078869 /* iox384c3.h */,
				09F4B5AA1BAF534D00078869 /* iox384d3.h */,
				09F4B5AB1BAF534D00078869 /* iox64a1.h */,
				09F4B5AC1BAF534D00078869 /* iox64a1u.h */,
				09F4B5AD1BAF534D00078869 /* iox64a3.h */,
				09F4B5AE1BAF534D00078869 /* iox64a3u.h */,
				09F4B5AF1BAF534D00078869 /* iox64a4u.h */,
				09F4B5B01BAF534D00078869 /* iox64b1.h */,
				09F4B5B11BAF534D00078869 /* iox64b3.h */,
				09F4B5B21BAF534D00078869 /* iox64c3.h */,
				09F4B5B31BAF534D00078869 /* iox64d3.h */,
				09F4B5B41BAF534D00078869 /* iox64d4.h */,
				09F4B5B51BAF534D00078869 /* iox8e5.h */,
				09F4B5B61BAF534D00078869 /* lock.h */,
				09F4B5B71BAF534D00078869 /* parity.h */,
				09F4B5B81BAF534D00078869 /* pgmspace.h */,
				09F4B5B91BAF534D00078869 /* portpins.h */,
				09F4B5BA1BAF534D00078869 /* power.h */,
				09F4B5BB1BAF534D00078869 /* sfr_defs.h */,
				09F4B5BC1BAF534D00078869 /* signal.h */,
				09F4B5BD1BAF534D00078869 /* signature.h */,
				09F4B5BE1BAF534D00078869 /* sleep.h */,
				09F4B5BF1BAF534D00078869 /* version.h */,
				09F4B5C01BAF534D00078869 /* wdt.h */,
				09F4B5C11BAF534D00078869 /* xmega.h */,
			);
			path = avr;
			sourceTree = "<group>";
		};
		09F4B5C21BAF534D00078869 /* compat */ = {
			isa = PBXGroup;
			children = (
				09F4B5C31BAF534D00078869 /* deprecated.h */,
				09F4B5C41BAF534D00078869 /* ina90.h */,
				09F4B5C51BAF534D00078869 /* twi.h */,
			);
			path = compat;
			sourceTree = "<group>";
		};
		09F4B5D01BAF534D00078869 /* util */ = {
			isa = PBXGroup;
			children = (
				09F4B5D11BAF534D00078869 /* atomic.h */,
				09F4B5D21BAF534D00078869 /* crc16.h */,
				09F4B5D31BAF534D00078869 /* delay.h */,
				09F4B5D41BAF534D00078869 /* delay_basic.h */,
				09F4B5D51BAF534D00078869 /* parity.h */,
				09F4B5D61BAF534D00078869 /* setbaud.h */,
				09F4B5D71BAF534D00078869 /* twi.h */,
			);
			path = util;
			sourceTree = "<group>";
		};
/* End PBXGroup section */

/* Begin PBXLegacyTarget section */
		094A2A501BBFCDBE00ED8149 /* flash */ = {
			isa = PBXLegacyTarget;
			buildArgumentsString = flash;
			buildConfigurationList = 094A2A511BBFCDBE00ED8149 /* Build configuration list for PBXLegacyTarget "flash" */;
			buildPhases = (
			);
			buildToolPath = make;
			buildWorkingDirectory = "";
			dependencies = (
			);
			name = flash;
			passBuildSettingsInEnvironment = 1;
			productName = flash;
		};
		09B4FCBB1BAF51B400C10467 /* build */ = {
			isa = PBXLegacyTarget;
			buildArgumentsString = build;
			buildConfigurationList = 09B4FCBE1BAF51B400C10467 /* Build configuration list for PBXLegacyTarget "build" */;
			buildPhases = (
			);
			buildToolPath = make;
			buildWorkingDirectory = "";
			dependencies = (
			);
			name = build;
			passBuildSettingsInEnvironment = 1;
			productName = hax;
		};
/* End PBXLegacyTarget section */

/* Begin PBXNativeTarget section */
		09B4FCEB1BAF529B00C10467 /* index */ = {
			isa = PBXNativeTarget;
			buildConfigurationList = 09B4FCF11BAF529B00C10467 /* Build configuration list for PBXNativeTarget "index" */;
			buildPhases = (
				09B4FCE81BAF529B00C10467 /* Sources */,
			);
			buildRules = (
			);
			dependencies = (
			);
			name = index;
			productName = index;
			productReference = 09A336C61BBFDE2400264C76 /* index */;
			productType = "com.apple.product-type.tool";
		};
/* End PBXNativeTarget section */

/* Begin PBXProject section */
		09B4FCB71BAF51B400C10467 /* Project object */ = {
			isa = PBXProject;
			attributes = {
				LastUpgradeCheck = 0700;
				ORGANIZATIONNAME = "John Heaton";
				TargetAttributes = {
					094A2A501BBFCDBE00ED8149 = {
						CreatedOnToolsVersion = 7.0.1;
					};
					09B4FCBB1BAF51B400C10467 = {
						CreatedOnToolsVersion = 7.0;
					};
					09B4FCEB1BAF529B00C10467 = {
						CreatedOnToolsVersion = 7.0;
					};
				};
			};
			buildConfigurationList = 09B4FCBA1BAF51B400C10467 /* Build configuration list for PBXProject "hax" */;
			compatibilityVersion = "Xcode 3.2";
			developmentRegion = English;
			hasScannedForEncodings = 0;
			knownRegions = (
				en,
			);
			mainGroup = 09B4FCB61BAF51B400C10467;
			productRefGroup = 09B4FCB61BAF51B400C10467;
			projectDirPath = "";
			projectRoot = "";
			targets = (
				09B4FCBB1BAF51B400C10467 /* build */,
				094A2A501BBFCDBE00ED8149 /* flash */,
				09B4FCEB1BAF529B00C10467 /* index */,
			);
		};
/* End PBXProject section */

/* Begin PBXSourcesBuildPhase section */
		09B4FCE81BAF529B00C10467 /* Sources */ = {
			isa = PBXSourcesBuildPhase;
			buildActionMask = 2147483647;
			files = (
				094A2A471BBFBCC200ED8149 /* LCD.cpp in Sources */,
				094A2A481BBFBCC200ED8149 /* main.cpp in Sources */,
				094A2A491BBFBCC200ED8149 /* USART0.cpp in Sources */,
				094A2A4E1BBFC4C400ED8149 /* Pin.cpp in Sources */,
				094A2A551BBFCF7900ED8149 /* Port.cpp in Sources */,
			);
			runOnlyForDeploymentPostprocessing = 0;
		};
/* End PBXSourcesBuildPhase section */

/* Begin XCBuildConfiguration section */
		094A2A521BBFCDBE00ED8149 /* Debug */ = {
			isa = XCBuildConfiguration;
			buildSettings = {
				DEBUGGING_SYMBOLS = YES;
				DEBUG_INFORMATION_FORMAT = dwarf;
				GCC_GENERATE_DEBUGGING_SYMBOLS = YES;
				GCC_OPTIMIZATION_LEVEL = 0;
				GCC_PREPROCESSOR_DEFINITIONS = (
					"DEBUG=1",
					"$(inherited)",
				);
				OTHER_CFLAGS = "";
				OTHER_LDFLAGS = "";
				PRODUCT_NAME = "$(TARGET_NAME)";
			};
			name = Debug;
		};
		094A2A531BBFCDBE00ED8149 /* Release */ = {
			isa = XCBuildConfiguration;
			buildSettings = {
				DEBUG_INFORMATION_FORMAT = "dwarf-with-dsym";
				OTHER_CFLAGS = "";
				OTHER_LDFLAGS = "";
				PRODUCT_NAME = "$(TARGET_NAME)";
			};
			name = Release;
		};
		09B4FCBC1BAF51B400C10467 /* Debug */ = {
			isa = XCBuildConfiguration;
			buildSettings = {
				ALWAYS_SEARCH_USER_PATHS = NO;
				CLANG_CXX_LANGUAGE_STANDARD = "gnu++0x";
				CLANG_CXX_LIBRARY = "libc++";
				CLANG_ENABLE_MODULES = YES;
				CLANG_ENABLE_OBJC_ARC = YES;
				CLANG_WARN_BOOL_CONVERSION = YES;
				CLANG_WARN_CONSTANT_CONVERSION = YES;
				CLANG_WARN_DIRECT_OBJC_ISA_USAGE = YES_ERROR;
				CLANG_WARN_EMPTY_BODY = YES;
				CLANG_WARN_ENUM_CONVERSION = YES;
				CLANG_WARN_INT_CONVERSION = YES;
				CLANG_WARN_OBJC_ROOT_CLASS = YES_ERROR;
				CLANG_WARN_UNREACHABLE_CODE = YES;
				CLANG_WARN__DUPLICATE_METHOD_MATCH = YES;
				COPY_PHASE_STRIP = NO;
				DEBUG_INFORMATION_FORMAT = dwarf;
				ENABLE_STRICT_OBJC_MSGSEND = YES;
				ENABLE_TESTABILITY = YES;
				GCC_C_LANGUAGE_STANDARD = gnu99;
				GCC_DYNAMIC_NO_PIC = NO;
				GCC_NO_COMMON_BLOCKS = YES;
				GCC_OPTIMIZATION_LEVEL = 0;
				GCC_PREPROCESSOR_DEFINITIONS = (
					"DEBUG=1",
					"$(inherited)",
					__AVR_AT90USB162__,
				);
				GCC_WARN_64_TO_32_BIT_CONVERSION = YES;
				GCC_WARN_ABOUT_RETURN_TYPE = YES_ERROR;
				GCC_WARN_UNDECLARED_SELECTOR = YES;
				GCC_WARN_UNINITIALIZED_AUTOS = YES_AGGRESSIVE;
				GCC_WARN_UNUSED_FUNCTION = YES;
				GCC_WARN_UNUSED_VARIABLE = YES;
				MTL_ENABLE_DEBUG_INFO = YES;
				ONLY_ACTIVE_ARCH = YES;
			};
			name = Debug;
		};
		09B4FCBD1BAF51B400C10467 /* Release */ = {
			isa = XCBuildConfiguration;
			buildSettings = {
				ALWAYS_SEARCH_USER_PATHS = NO;
				CLANG_CXX_LANGUAGE_STANDARD = "gnu++0x";
				CLANG_CXX_LIBRARY = "libc++";
				CLANG_ENABLE_MODULES = YES;
				CLANG_ENABLE_OBJC_ARC = YES;
				CLANG_WARN_BOOL_CONVERSION = YES;
				CLANG_WARN_CONSTANT_CONVERSION = YES;
				CLANG_WARN_DIRECT_OBJC_ISA_USAGE = YES_ERROR;
				CLANG_WARN_EMPTY_BODY = YES;
				CLANG_WARN_ENUM_CONVERSION = YES;
				CLANG_WARN_INT_CONVERSION = YES;
				CLANG_WARN_OBJC_ROOT_CLASS = YES_ERROR;
				CLANG_WARN_UNREACHABLE_CODE = YES;
				CLANG_WARN__DUPLICATE_METHOD_MATCH = YES;
				COPY_PHASE_STRIP = NO;
				DEBUG_INFORMATION_FORMAT = "dwarf-with-dsym";
				ENABLE_NS_ASSERTIONS = NO;
				ENABLE_STRICT_OBJC_MSGSEND = YES;
				GCC_C_LANGUAGE_STANDARD = gnu99;
				GCC_NO_COMMON_BLOCKS = YES;
				GCC_WARN_64_TO_32_BIT_CONVERSION = YES;
				GCC_WARN_ABOUT_RETURN_TYPE = YES_ERROR;
				GCC_WARN_UNDECLARED_SELECTOR = YES;
				GCC_WARN_UNINITIALIZED_AUTOS = YES_AGGRESSIVE;
				GCC_WARN_UNUSED_FUNCTION = YES;
				GCC_WARN_UNUSED_VARIABLE = YES;
				MTL_ENABLE_DEBUG_INFO = NO;
			};
			name = Release;
		};
		09B4FCBF1BAF51B400C10467 /* Debug */ = {
			isa = XCBuildConfiguration;
			buildSettings = {
				ALWAYS_SEARCH_USER_PATHS = NO;
				DEBUGGING_SYMBOLS = YES;
				DEBUG_INFORMATION_FORMAT = dwarf;
				GCC_GENERATE_DEBUGGING_SYMBOLS = YES;
				GCC_OPTIMIZATION_LEVEL = 0;
				OTHER_CFLAGS = "";
				OTHER_LDFLAGS = "";
				PATH = "$PATH:/usr/local/CrossPack-AVR/bin";
				PRODUCT_NAME = "$(TARGET_NAME)";
			};
			name = Debug;
		};
		09B4FCC01BAF51B400C10467 /* Release */ = {
			isa = XCBuildConfiguration;
			buildSettings = {
				ALWAYS_SEARCH_USER_PATHS = NO;
				DEBUG_INFORMATION_FORMAT = "dwarf-with-dsym";
				OTHER_CFLAGS = "";
				OTHER_LDFLAGS = "";
				PATH = "$PATH:/usr/local/CrossPack-AVR/bin";
				PRODUCT_NAME = "$(TARGET_NAME)";
			};
			name = Release;
		};
		09B4FCF21BAF529B00C10467 /* Debug */ = {
			isa = XCBuildConfiguration;
			buildSettings = {
				HEADER_SEARCH_PATHS = (
					"/usr/local/CrossPack-AVR-20131216/lib/gcc/avr/4.8.1/include",
					"/usr/local/CrossPack-AVR-20131216/lib/gcc/avr/4.8.1/include-fixed",
					"/usr/local/CrossPack-AVR-20131216/avr/include",
				);
				MACOSX_DEPLOYMENT_TARGET = 10.11;
				PRODUCT_NAME = "$(TARGET_NAME)";
				SDKROOT = macosx;
			};
			name = Debug;
		};
		09B4FCF31BAF529B00C10467 /* Release */ = {
			isa = XCBuildConfiguration;
			buildSettings = {
				HEADER_SEARCH_PATHS = (
					"/usr/local/CrossPack-AVR-20131216/lib/gcc/avr/4.8.1/include",
					"/usr/local/CrossPack-AVR-20131216/lib/gcc/avr/4.8.1/include-fixed",
					"/usr/local/CrossPack-AVR-20131216/avr/include",
				);
				MACOSX_DEPLOYMENT_TARGET = 10.11;
				PRODUCT_NAME = "$(TARGET_NAME)";
				SDKROOT = macosx;
			};
			name = Release;
		};
/* End XCBuildConfiguration section */

/* Begin XCConfigurationList section */
		094A2A511BBFCDBE00ED8149 /* Build configuration list for PBXLegacyTarget "flash" */ = {
			isa = XCConfigurationList;
			buildConfigurations = (
				094A2A521BBFCDBE00ED8149 /* Debug */,
				094A2A531BBFCDBE00ED8149 /* Release */,
			);
			defaultConfigurationIsVisible = 0;
			defaultConfigurationName = Release;
		};
		09B4FCBA1BAF51B400C10467 /* Build configuration list for PBXProject "hax" */ = {
			isa = XCConfigurationList;
			buildConfigurations = (
				09B4FCBC1BAF51B400C10467 /* Debug */,
				09B4FCBD1BAF51B400C10467 /* Release */,
			);
			defaultConfigurationIsVisible = 0;
			defaultConfigurationName = Release;
		};
		09B4FCBE1BAF51B400C10467 /* Build configuration list for PBXLegacyTarget "build" */ = {
			isa = XCConfigurationList;
			buildConfigurations = (
				09B4FCBF1BAF51B400C10467 /* Debug */,
				09B4FCC01BAF51B400C10467 /* Release */,
			);
			defaultConfigurationIsVisible = 0;
			defaultConfigurationName = Release;
		};
		09B4FCF11BAF529B00C10467 /* Build configuration list for PBXNativeTarget "index" */ = {
			isa = XCConfigurationList;
			buildConfigurations = (
				09B4FCF21BAF529B00C10467 /* Debug */,
				09B4FCF31BAF529B00C10467 /* Release */,
			);
			defaultConfigurationIsVisible = 0;
			defaultConfigurationName = Release;
		};
/* End XCConfigurationList section */
	};
	rootObject = 09B4FCB71BAF51B400C10467 /* Project object */;
}
